
Microsoft Visual Studio Solution File, Format Version 12.00
# Visual Studio Version 16
VisualStudioVersion = 16.0.31321.278
MinimumVisualStudioVersion = 10.0.40219.1
Project("{FAE04EC0-301F-11D3-BF4B-00C04F79EFBC}") = "Switchcase_Project", "Switchcase_Project\Switchcase_Project.csproj", "{9946DAF6-E464-4D1F-AA5D-1A7AA6F11BAF}"
EndProject
Global
	GlobalSection(SolutionConfigurationPlatforms) = preSolution
		Debug|Any CPU = Debug|Any CPU
		Release|Any CPU = Release|Any CPU
	EndGlobalSection
	GlobalSection(ProjectConfigurationPlatforms) = postSolution
		{9946DAF6-E464-4D1F-AA5D-1A7AA6F11BAF}.Debug|Any CPU.ActiveCfg = Debug|Any CPU
		{9946DAF6-E464-4D1F-AA5D-1A7AA6F11BAF}.Debug|Any CPU.Build.0 = Debug|Any CPU
		{9946DAF6-E464-4D1F-AA5D-1A7AA6F11BAF}.Release|Any CPU.ActiveCfg = Release|Any CPU
		{9946DAF6-E464-4D1F-AA5D-1A7AA6F11BAF}.Release|Any CPU.Build.0 = Release|Any CPU
	EndGlobalSection
	GlobalSection(SolutionProperties) = preSolution
		HideSolutionNode = FALSE
	EndGlobalSection
	GlobalSection(ExtensibilityGlobals) = postSolution
		SolutionGuid = {F56D6C51-DFBE-42AD-8D7A-99C4B7D4F443}
	EndGlobalSection
EndGlobal
